// !$*UTF8*$!
{
	archiveVersion = 1;
	classes = {
	};
	objectVersion = 46;
	objects = {

/* Begin PBXBuildFile section */
		678669C61A41D72F00D69EED /* SchedulesTableViewController.m in Sources */ = {isa = PBXBuildFile; fileRef = 678669C51A41D72F00D69EED /* SchedulesTableViewController.m */; };
		678669C91A41D74900D69EED /* PersonsTableViewController.m in Sources */ = {isa = PBXBuildFile; fileRef = 678669C81A41D74900D69EED /* PersonsTableViewController.m */; };
		678669CF1A41DC3500D69EED /* NewPersonViewController.m in Sources */ = {isa = PBXBuildFile; fileRef = 678669CE1A41DC3500D69EED /* NewPersonViewController.m */; };
		678669D21A426B4600D69EED /* NewScheduleViewController.m in Sources */ = {isa = PBXBuildFile; fileRef = 678669D11A426B4600D69EED /* NewScheduleViewController.m */; };
		678C27621A408408008090D9 /* Bolts.framework in Frameworks */ = {isa = PBXBuildFile; fileRef = 678C275D1A408408008090D9 /* Bolts.framework */; };
		678C27631A408408008090D9 /* Parse.framework in Frameworks */ = {isa = PBXBuildFile; fileRef = 678C275E1A408408008090D9 /* Parse.framework */; };
		678C27641A408408008090D9 /* ParseCrashReporting.framework in Frameworks */ = {isa = PBXBuildFile; fileRef = 678C275F1A408408008090D9 /* ParseCrashReporting.framework */; };
		678C27651A408408008090D9 /* ParseFacebookUtils.framework in Frameworks */ = {isa = PBXBuildFile; fileRef = 678C27601A408408008090D9 /* ParseFacebookUtils.framework */; };
		678C27661A408408008090D9 /* ParseUI.framework in Frameworks */ = {isa = PBXBuildFile; fileRef = 678C27611A408408008090D9 /* ParseUI.framework */; };
		678C27691A408553008090D9 /* AudioToolbox.framework in Frameworks */ = {isa = PBXBuildFile; fileRef = 678C27681A408553008090D9 /* AudioToolbox.framework */; };
		678C276B1A408561008090D9 /* CFNetwork.framework in Frameworks */ = {isa = PBXBuildFile; fileRef = 678C276A1A408561008090D9 /* CFNetwork.framework */; };
		678C276D1A40856C008090D9 /* CoreGraphics.framework in Frameworks */ = {isa = PBXBuildFile; fileRef = 678C276C1A40856C008090D9 /* CoreGraphics.framework */; };
		678C276F1A408578008090D9 /* CoreLocation.framework in Frameworks */ = {isa = PBXBuildFile; fileRef = 678C276E1A408578008090D9 /* CoreLocation.framework */; };
		678C27711A408584008090D9 /* MobileCoreServices.framework in Frameworks */ = {isa = PBXBuildFile; fileRef = 678C27701A408584008090D9 /* MobileCoreServices.framework */; };
		678C27731A40858F008090D9 /* QuartzCore.framework in Frameworks */ = {isa = PBXBuildFile; fileRef = 678C27721A40858F008090D9 /* QuartzCore.framework */; };
		678C27751A40859B008090D9 /* Security.framework in Frameworks */ = {isa = PBXBuildFile; fileRef = 678C27741A40859B008090D9 /* Security.framework */; };
		678C27771A4085A6008090D9 /* StoreKit.framework in Frameworks */ = {isa = PBXBuildFile; fileRef = 678C27761A4085A6008090D9 /* StoreKit.framework */; };
		678C27791A4085B7008090D9 /* SystemConfiguration.framework in Frameworks */ = {isa = PBXBuildFile; fileRef = 678C27781A4085B7008090D9 /* SystemConfiguration.framework */; };
		678C277B1A4085C0008090D9 /* libz.dylib in Frameworks */ = {isa = PBXBuildFile; fileRef = 678C277A1A4085C0008090D9 /* libz.dylib */; };
		678C277D1A4085C9008090D9 /* libsqlite3.dylib in Frameworks */ = {isa = PBXBuildFile; fileRef = 678C277C1A4085C9008090D9 /* libsqlite3.dylib */; };
		678C27841A408715008090D9 /* LogInViewController.m in Sources */ = {isa = PBXBuildFile; fileRef = 678C277F1A408715008090D9 /* LogInViewController.m */; };
		678C278B1A40896E008090D9 /* Social.framework in Frameworks */ = {isa = PBXBuildFile; fileRef = 678C278A1A40896E008090D9 /* Social.framework */; };
		678C278D1A408988008090D9 /* Accounts.framework in Frameworks */ = {isa = PBXBuildFile; fileRef = 678C278C1A408988008090D9 /* Accounts.framework */; };
		67AD5E051A4DAB9A0012715A /* ChangeScheduleViewController.m in Sources */ = {isa = PBXBuildFile; fileRef = 67AD5E041A4DAB9A0012715A /* ChangeScheduleViewController.m */; };
		79C595DD1A3F5D2E00FFFEA2 /* main.m in Sources */ = {isa = PBXBuildFile; fileRef = 79C595DC1A3F5D2E00FFFEA2 /* main.m */; };
		79C595E01A3F5D2F00FFFEA2 /* AppDelegate.m in Sources */ = {isa = PBXBuildFile; fileRef = 79C595DF1A3F5D2F00FFFEA2 /* AppDelegate.m */; };
		79C595E61A3F5D2F00FFFEA2 /* Main.storyboard in Resources */ = {isa = PBXBuildFile; fileRef = 79C595E41A3F5D2F00FFFEA2 /* Main.storyboard */; };
		79C595E81A3F5D2F00FFFEA2 /* Images.xcassets in Resources */ = {isa = PBXBuildFile; fileRef = 79C595E71A3F5D2F00FFFEA2 /* Images.xcassets */; };
		79C595EB1A3F5D2F00FFFEA2 /* LaunchScreen.xib in Resources */ = {isa = PBXBuildFile; fileRef = 79C595E91A3F5D2F00FFFEA2 /* LaunchScreen.xib */; };
		79C595F71A3F5D3100FFFEA2 /* ScheduleTreatmentTests.m in Sources */ = {isa = PBXBuildFile; fileRef = 79C595F61A3F5D3100FFFEA2 /* ScheduleTreatmentTests.m */; };
/* End PBXBuildFile section */

/* Begin PBXContainerItemProxy section */
		79C595F11A3F5D3100FFFEA2 /* PBXContainerItemProxy */ = {
			isa = PBXContainerItemProxy;
			containerPortal = 79C595CF1A3F5D2E00FFFEA2 /* Project object */;
			proxyType = 1;
			remoteGlobalIDString = 79C595D61A3F5D2E00FFFEA2;
			remoteInfo = ScheduleTreatment;
		};
/* End PBXContainerItemProxy section */

/* Begin PBXFileReference section */
		678669C41A41D72F00D69EED /* SchedulesTableViewController.h */ = {isa = PBXFileReference; fileEncoding = 4; lastKnownFileType = sourcecode.c.h; path = SchedulesTableViewController.h; sourceTree = "<group>"; };
		678669C51A41D72F00D69EED /* SchedulesTableViewController.m */ = {isa = PBXFileReference; fileEncoding = 4; lastKnownFileType = sourcecode.c.objc; path = SchedulesTableViewController.m; sourceTree = "<group>"; };
		678669C71A41D74900D69EED /* PersonsTableViewController.h */ = {isa = PBXFileReference; fileEncoding = 4; lastKnownFileType = sourcecode.c.h; path = PersonsTableViewController.h; sourceTree = "<group>"; };
		678669C81A41D74900D69EED /* PersonsTableViewController.m */ = {isa = PBXFileReference; fileEncoding = 4; lastKnownFileType = sourcecode.c.objc; path = PersonsTableViewController.m; sourceTree = "<group>"; };
		678669CD1A41DC3500D69EED /* NewPersonViewController.h */ = {isa = PBXFileReference; fileEncoding = 4; lastKnownFileType = sourcecode.c.h; path = NewPersonViewController.h; sourceTree = "<group>"; };
		678669CE1A41DC3500D69EED /* NewPersonViewController.m */ = {isa = PBXFileReference; fileEncoding = 4; lastKnownFileType = sourcecode.c.objc; path = NewPersonViewController.m; sourceTree = "<group>"; };
		678669D01A426B4600D69EED /* NewScheduleViewController.h */ = {isa = PBXFileReference; fileEncoding = 4; lastKnownFileType = sourcecode.c.h; path = NewScheduleViewController.h; sourceTree = "<group>"; };
		678669D11A426B4600D69EED /* NewScheduleViewController.m */ = {isa = PBXFileReference; fileEncoding = 4; lastKnownFileType = sourcecode.c.objc; path = NewScheduleViewController.m; sourceTree = "<group>"; };
		678C275D1A408408008090D9 /* Bolts.framework */ = {isa = PBXFileReference; lastKnownFileType = wrapper.framework; name = Bolts.framework; path = ScheduleTreatment/framework/Bolts.framework; sourceTree = "<group>"; };
		678C275E1A408408008090D9 /* Parse.framework */ = {isa = PBXFileReference; lastKnownFileType = wrapper.framework; name = Parse.framework; path = ScheduleTreatment/framework/Parse.framework; sourceTree = "<group>"; };
		678C275F1A408408008090D9 /* ParseCrashReporting.framework */ = {isa = PBXFileReference; lastKnownFileType = wrapper.framework; name = ParseCrashReporting.framework; path = ScheduleTreatment/framework/ParseCrashReporting.framework; sourceTree = "<group>"; };
		678C27601A408408008090D9 /* ParseFacebookUtils.framework */ = {isa = PBXFileReference; lastKnownFileType = wrapper.framework; name = ParseFacebookUtils.framework; path = ScheduleTreatment/framework/ParseFacebookUtils.framework; sourceTree = "<group>"; };
		678C27611A408408008090D9 /* ParseUI.framework */ = {isa = PBXFileReference; lastKnownFileType = wrapper.framework; name = ParseUI.framework; path = ScheduleTreatment/framework/ParseUI.framework; sourceTree = "<group>"; };
		678C27681A408553008090D9 /* AudioToolbox.framework */ = {isa = PBXFileReference; lastKnownFileType = wrapper.framework; name = AudioToolbox.framework; path = System/Library/Frameworks/AudioToolbox.framework; sourceTree = SDKROOT; };
		678C276A1A408561008090D9 /* CFNetwork.framework */ = {isa = PBXFileReference; lastKnownFileType = wrapper.framework; name = CFNetwork.framework; path = System/Library/Frameworks/CFNetwork.framework; sourceTree = SDKROOT; };
		678C276C1A40856C008090D9 /* CoreGraphics.framework */ = {isa = PBXFileReference; lastKnownFileType = wrapper.framework; name = CoreGraphics.framework; path = System/Library/Frameworks/CoreGraphics.framework; sourceTree = SDKROOT; };
		678C276E1A408578008090D9 /* CoreLocation.framework */ = {isa = PBXFileReference; lastKnownFileType = wrapper.framework; name = CoreLocation.framework; path = System/Library/Frameworks/CoreLocation.framework; sourceTree = SDKROOT; };
		678C27701A408584008090D9 /* MobileCoreServices.framework */ = {isa = PBXFileReference; lastKnownFileType = wrapper.framework; name = MobileCoreServices.framework; path = System/Library/Frameworks/MobileCoreServices.framework; sourceTree = SDKROOT; };
		678C27721A40858F008090D9 /* QuartzCore.framework */ = {isa = PBXFileReference; lastKnownFileType = wrapper.framework; name = QuartzCore.framework; path = System/Library/Frameworks/QuartzCore.framework; sourceTree = SDKROOT; };
		678C27741A40859B008090D9 /* Security.framework */ = {isa = PBXFileReference; lastKnownFileType = wrapper.framework; name = Security.framework; path = System/Library/Frameworks/Security.framework; sourceTree = SDKROOT; };
		678C27761A4085A6008090D9 /* StoreKit.framework */ = {isa = PBXFileReference; lastKnownFileType = wrapper.framework; name = StoreKit.framework; path = System/Library/Frameworks/StoreKit.framework; sourceTree = SDKROOT; };
		678C27781A4085B7008090D9 /* SystemConfiguration.framework */ = {isa = PBXFileReference; lastKnownFileType = wrapper.framework; name = SystemConfiguration.framework; path = System/Library/Frameworks/SystemConfiguration.framework; sourceTree = SDKROOT; };
		678C277A1A4085C0008090D9 /* libz.dylib */ = {isa = PBXFileReference; lastKnownFileType = "compiled.mach-o.dylib"; name = libz.dylib; path = usr/lib/libz.dylib; sourceTree = SDKROOT; };
		678C277C1A4085C9008090D9 /* libsqlite3.dylib */ = {isa = PBXFileReference; lastKnownFileType = "compiled.mach-o.dylib"; name = libsqlite3.dylib; path = usr/lib/libsqlite3.dylib; sourceTree = SDKROOT; };
		678C277E1A408715008090D9 /* LogInViewController.h */ = {isa = PBXFileReference; fileEncoding = 4; lastKnownFileType = sourcecode.c.h; path = LogInViewController.h; sourceTree = "<group>"; };
		678C277F1A408715008090D9 /* LogInViewController.m */ = {isa = PBXFileReference; fileEncoding = 4; lastKnownFileType = sourcecode.c.objc; path = LogInViewController.m; sourceTree = "<group>"; };
		678C278A1A40896E008090D9 /* Social.framework */ = {isa = PBXFileReference; lastKnownFileType = wrapper.framework; name = Social.framework; path = System/Library/Frameworks/Social.framework; sourceTree = SDKROOT; };
		678C278C1A408988008090D9 /* Accounts.framework */ = {isa = PBXFileReference; lastKnownFileType = wrapper.framework; name = Accounts.framework; path = System/Library/Frameworks/Accounts.framework; sourceTree = SDKROOT; };
		67AD5E031A4DAB9A0012715A /* ChangeScheduleViewController.h */ = {isa = PBXFileReference; fileEncoding = 4; lastKnownFileType = sourcecode.c.h; path = ChangeScheduleViewController.h; sourceTree = "<group>"; };
		67AD5E041A4DAB9A0012715A /* ChangeScheduleViewController.m */ = {isa = PBXFileReference; fileEncoding = 4; lastKnownFileType = sourcecode.c.objc; path = ChangeScheduleViewController.m; sourceTree = "<group>"; };
		79C595D71A3F5D2E00FFFEA2 /* ScheduleTreatment.app */ = {isa = PBXFileReference; explicitFileType = wrapper.application; includeInIndex = 0; path = ScheduleTreatment.app; sourceTree = BUILT_PRODUCTS_DIR; };
		79C595DB1A3F5D2E00FFFEA2 /* Info.plist */ = {isa = PBXFileReference; lastKnownFileType = text.plist.xml; path = Info.plist; sourceTree = "<group>"; };
		79C595DC1A3F5D2E00FFFEA2 /* main.m */ = {isa = PBXFileReference; lastKnownFileType = sourcecode.c.objc; path = main.m; sourceTree = "<group>"; };
		79C595DE1A3F5D2E00FFFEA2 /* AppDelegate.h */ = {isa = PBXFileReference; lastKnownFileType = sourcecode.c.h; path = AppDelegate.h; sourceTree = "<group>"; };
		79C595DF1A3F5D2F00FFFEA2 /* AppDelegate.m */ = {isa = PBXFileReference; lastKnownFileType = sourcecode.c.objc; path = AppDelegate.m; sourceTree = "<group>"; };
		79C595E51A3F5D2F00FFFEA2 /* Base */ = {isa = PBXFileReference; lastKnownFileType = file.storyboard; name = Base; path = Base.lproj/Main.storyboard; sourceTree = "<group>"; };
		79C595E71A3F5D2F00FFFEA2 /* Images.xcassets */ = {isa = PBXFileReference; lastKnownFileType = folder.assetcatalog; path = Images.xcassets; sourceTree = "<group>"; };
		79C595EA1A3F5D2F00FFFEA2 /* Base */ = {isa = PBXFileReference; lastKnownFileType = file.xib; name = Base; path = Base.lproj/LaunchScreen.xib; sourceTree = "<group>"; };
		79C595F01A3F5D3100FFFEA2 /* ScheduleTreatmentTests.xctest */ = {isa = PBXFileReference; explicitFileType = wrapper.cfbundle; includeInIndex = 0; path = ScheduleTreatmentTests.xctest; sourceTree = BUILT_PRODUCTS_DIR; };
		79C595F51A3F5D3100FFFEA2 /* Info.plist */ = {isa = PBXFileReference; lastKnownFileType = text.plist.xml; path = Info.plist; sourceTree = "<group>"; };
		79C595F61A3F5D3100FFFEA2 /* ScheduleTreatmentTests.m */ = {isa = PBXFileReference; lastKnownFileType = sourcecode.c.objc; path = ScheduleTreatmentTests.m; sourceTree = "<group>"; };
/* End PBXFileReference section */

/* Begin PBXFrameworksBuildPhase section */
		79C595D41A3F5D2E00FFFEA2 /* Frameworks */ = {
			isa = PBXFrameworksBuildPhase;
			buildActionMask = 2147483647;
			files = (
				678C278D1A408988008090D9 /* Accounts.framework in Frameworks */,
				678C278B1A40896E008090D9 /* Social.framework in Frameworks */,
				678C277D1A4085C9008090D9 /* libsqlite3.dylib in Frameworks */,
				678C277B1A4085C0008090D9 /* libz.dylib in Frameworks */,
				678C27791A4085B7008090D9 /* SystemConfiguration.framework in Frameworks */,
				678C27771A4085A6008090D9 /* StoreKit.framework in Frameworks */,
				678C27751A40859B008090D9 /* Security.framework in Frameworks */,
				678C27731A40858F008090D9 /* QuartzCore.framework in Frameworks */,
				678C27711A408584008090D9 /* MobileCoreServices.framework in Frameworks */,
				678C276F1A408578008090D9 /* CoreLocation.framework in Frameworks */,
				678C276D1A40856C008090D9 /* CoreGraphics.framework in Frameworks */,
				678C276B1A408561008090D9 /* CFNetwork.framework in Frameworks */,
				678C27691A408553008090D9 /* AudioToolbox.framework in Frameworks */,
				678C27621A408408008090D9 /* Bolts.framework in Frameworks */,
				678C27631A408408008090D9 /* Parse.framework in Frameworks */,
				678C27641A408408008090D9 /* ParseCrashReporting.framework in Frameworks */,
				678C27651A408408008090D9 /* ParseFacebookUtils.framework in Frameworks */,
				678C27661A408408008090D9 /* ParseUI.framework in Frameworks */,
			);
			runOnlyForDeploymentPostprocessing = 0;
		};
		79C595ED1A3F5D3100FFFEA2 /* Frameworks */ = {
			isa = PBXFrameworksBuildPhase;
			buildActionMask = 2147483647;
			files = (
			);
			runOnlyForDeploymentPostprocessing = 0;
		};
/* End PBXFrameworksBuildPhase section */

/* Begin PBXGroup section */
		678C275C1A4082EA008090D9 /* class */ = {
			isa = PBXGroup;
			children = (
				678C27871A408720008090D9 /* controller */,
				79C595DE1A3F5D2E00FFFEA2 /* AppDelegate.h */,
				79C595DF1A3F5D2F00FFFEA2 /* AppDelegate.m */,
			);
			name = class;
			sourceTree = "<group>";
		};
		678C27671A40841B008090D9 /* framework */ = {
			isa = PBXGroup;
			children = (
				678C278C1A408988008090D9 /* Accounts.framework */,
				678C278A1A40896E008090D9 /* Social.framework */,
				678C277C1A4085C9008090D9 /* libsqlite3.dylib */,
				678C277A1A4085C0008090D9 /* libz.dylib */,
				678C27781A4085B7008090D9 /* SystemConfiguration.framework */,
				678C27761A4085A6008090D9 /* StoreKit.framework */,
				678C27741A40859B008090D9 /* Security.framework */,
				678C27721A40858F008090D9 /* QuartzCore.framework */,
				678C27701A408584008090D9 /* MobileCoreServices.framework */,
				678C276E1A408578008090D9 /* CoreLocation.framework */,
				678C276C1A40856C008090D9 /* CoreGraphics.framework */,
				678C276A1A408561008090D9 /* CFNetwork.framework */,
				678C27681A408553008090D9 /* AudioToolbox.framework */,
				678C275D1A408408008090D9 /* Bolts.framework */,
				678C275E1A408408008090D9 /* Parse.framework */,
				678C275F1A408408008090D9 /* ParseCrashReporting.framework */,
				678C27601A408408008090D9 /* ParseFacebookUtils.framework */,
				678C27611A408408008090D9 /* ParseUI.framework */,
			);
			name = framework;
			path = ..;
			sourceTree = "<group>";
		};
		678C27871A408720008090D9 /* controller */ = {
			isa = PBXGroup;
			children = (
				790334C91A40B32200335356 /* navigator */,
				678C278E1A408B16008090D9 /* login */,
			);
			name = controller;
			sourceTree = "<group>";
		};
		678C278E1A408B16008090D9 /* login */ = {
			isa = PBXGroup;
			children = (
				678C277E1A408715008090D9 /* LogInViewController.h */,
				678C277F1A408715008090D9 /* LogInViewController.m */,
			);
			name = login;
			sourceTree = "<group>";
		};
		790334C91A40B32200335356 /* navigator */ = {
			isa = PBXGroup;
			children = (
				67AD5E031A4DAB9A0012715A /* ChangeScheduleViewController.h */,
				67AD5E041A4DAB9A0012715A /* ChangeScheduleViewController.m */,
				678669C41A41D72F00D69EED /* SchedulesTableViewController.h */,
				678669C51A41D72F00D69EED /* SchedulesTableViewController.m */,
				678669C71A41D74900D69EED /* PersonsTableViewController.h */,
				678669C81A41D74900D69EED /* PersonsTableViewController.m */,
				678669CD1A41DC3500D69EED /* NewPersonViewController.h */,
				678669CE1A41DC3500D69EED /* NewPersonViewController.m */,
				678669D01A426B4600D69EED /* NewScheduleViewController.h */,
				678669D11A426B4600D69EED /* NewScheduleViewController.m */,
			);
			name = navigator;
			sourceTree = "<group>";
		};
		79C595CE1A3F5D2D00FFFEA2 = {
			isa = PBXGroup;
			children = (
				79C595D91A3F5D2E00FFFEA2 /* ScheduleTreatment */,
				79C595F31A3F5D3100FFFEA2 /* ScheduleTreatmentTests */,
				79C595D81A3F5D2E00FFFEA2 /* Products */,
			);
			sourceTree = "<group>";
		};
		79C595D81A3F5D2E00FFFEA2 /* Products */ = {
			isa = PBXGroup;
			children = (
				79C595D71A3F5D2E00FFFEA2 /* ScheduleTreatment.app */,
				79C595F01A3F5D3100FFFEA2 /* ScheduleTreatmentTests.xctest */,
			);
			name = Products;
			sourceTree = "<group>";
		};
		79C595D91A3F5D2E00FFFEA2 /* ScheduleTreatment */ = {
			isa = PBXGroup;
			children = (
				678C27671A40841B008090D9 /* framework */,
				678C275C1A4082EA008090D9 /* class */,
				79C595E41A3F5D2F00FFFEA2 /* Main.storyboard */,
				79C595E71A3F5D2F00FFFEA2 /* Images.xcassets */,
				79C595E91A3F5D2F00FFFEA2 /* LaunchScreen.xib */,
				79C595DA1A3F5D2E00FFFEA2 /* Supporting Files */,
			);
			path = ScheduleTreatment;
			sourceTree = "<group>";
		};
		79C595DA1A3F5D2E00FFFEA2 /* Supporting Files */ = {
			isa = PBXGroup;
			children = (
				79C595DB1A3F5D2E00FFFEA2 /* Info.plist */,
				79C595DC1A3F5D2E00FFFEA2 /* main.m */,
			);
			name = "Supporting Files";
			sourceTree = "<group>";
		};
		79C595F31A3F5D3100FFFEA2 /* ScheduleTreatmentTests */ = {
			isa = PBXGroup;
			children = (
				79C595F61A3F5D3100FFFEA2 /* ScheduleTreatmentTests.m */,
				79C595F41A3F5D3100FFFEA2 /* Supporting Files */,
			);
			path = ScheduleTreatmentTests;
			sourceTree = "<group>";
		};
		79C595F41A3F5D3100FFFEA2 /* Supporting Files */ = {
			isa = PBXGroup;
			children = (
				79C595F51A3F5D3100FFFEA2 /* Info.plist */,
			);
			name = "Supporting Files";
			sourceTree = "<group>";
		};
/* End PBXGroup section */

/* Begin PBXNativeTarget section */
		79C595D61A3F5D2E00FFFEA2 /* ScheduleTreatment */ = {
			isa = PBXNativeTarget;
			buildConfigurationList = 79C595FA1A3F5D3200FFFEA2 /* Build configuration list for PBXNativeTarget "ScheduleTreatment" */;
			buildPhases = (
				79C595D31A3F5D2E00FFFEA2 /* Sources */,
				79C595D41A3F5D2E00FFFEA2 /* Frameworks */,
				79C595D51A3F5D2E00FFFEA2 /* Resources */,
			);
			buildRules = (
			);
			dependencies = (
			);
			name = ScheduleTreatment;
			productName = ScheduleTreatment;
			productReference = 79C595D71A3F5D2E00FFFEA2 /* ScheduleTreatment.app */;
			productType = "com.apple.product-type.application";
		};
		79C595EF1A3F5D3100FFFEA2 /* ScheduleTreatmentTests */ = {
			isa = PBXNativeTarget;
			buildConfigurationList = 79C595FD1A3F5D3200FFFEA2 /* Build configuration list for PBXNativeTarget "ScheduleTreatmentTests" */;
			buildPhases = (
				79C595EC1A3F5D3100FFFEA2 /* Sources */,
				79C595ED1A3F5D3100FFFEA2 /* Frameworks */,
				79C595EE1A3F5D3100FFFEA2 /* Resources */,
			);
			buildRules = (
			);
			dependencies = (
				79C595F21A3F5D3100FFFEA2 /* PBXTargetDependency */,
			);
			name = ScheduleTreatmentTests;
			productName = ScheduleTreatmentTests;
			productReference = 79C595F01A3F5D3100FFFEA2 /* ScheduleTreatmentTests.xctest */;
			productType = "com.apple.product-type.bundle.unit-test";
		};
/* End PBXNativeTarget section */

/* Begin PBXProject section */
		79C595CF1A3F5D2E00FFFEA2 /* Project object */ = {
			isa = PBXProject;
			attributes = {
				LastUpgradeCheck = 0610;
				ORGANIZATIONNAME = "Z-Sys";
				TargetAttributes = {
					79C595D61A3F5D2E00FFFEA2 = {
						CreatedOnToolsVersion = 6.1;
					};
					79C595EF1A3F5D3100FFFEA2 = {
						CreatedOnToolsVersion = 6.1;
						TestTargetID = 79C595D61A3F5D2E00FFFEA2;
					};
				};
			};
			buildConfigurationList = 79C595D21A3F5D2E00FFFEA2 /* Build configuration list for PBXProject "ScheduleTreatment" */;
			compatibilityVersion = "Xcode 3.2";
			developmentRegion = English;
			hasScannedForEncodings = 0;
			knownRegions = (
				en,
				Base,
			);
			mainGroup = 79C595CE1A3F5D2D00FFFEA2;
			productRefGroup = 79C595D81A3F5D2E00FFFEA2 /* Products */;
			projectDirPath = "";
			projectRoot = "";
			targets = (
				79C595D61A3F5D2E00FFFEA2 /* ScheduleTreatment */,
				79C595EF1A3F5D3100FFFEA2 /* ScheduleTreatmentTests */,
			);
		};
/* End PBXProject section */

/* Begin PBXResourcesBuildPhase section */
		79C595D51A3F5D2E00FFFEA2 /* Resources */ = {
			isa = PBXResourcesBuildPhase;
			buildActionMask = 2147483647;
			files = (
				79C595E61A3F5D2F00FFFEA2 /* Main.storyboard in Resources */,
				79C595EB1A3F5D2F00FFFEA2 /* LaunchScreen.xib in Resources */,
				79C595E81A3F5D2F00FFFEA2 /* Images.xcassets in Resources */,
			);
			runOnlyForDeploymentPostprocessing = 0;
		};
		79C595EE1A3F5D3100FFFEA2 /* Resources */ = {
			isa = PBXResourcesBuildPhase;
			buildActionMask = 2147483647;
			files = (
			);
			runOnlyForDeploymentPostprocessing = 0;
		};
/* End PBXResourcesBuildPhase section */

/* Begin PBXSourcesBuildPhase section */
		79C595D31A3F5D2E00FFFEA2 /* Sources */ = {
			isa = PBXSourcesBuildPhase;
			buildActionMask = 2147483647;
			files = (
				678669D21A426B4600D69EED /* NewScheduleViewController.m in Sources */,
				678669C91A41D74900D69EED /* PersonsTableViewController.m in Sources */,
				678669C61A41D72F00D69EED /* SchedulesTableViewController.m in Sources */,
				67AD5E051A4DAB9A0012715A /* ChangeScheduleViewController.m in Sources */,
				678C27841A408715008090D9 /* LogInViewController.m in Sources */,
				79C595E01A3F5D2F00FFFEA2 /* AppDelegate.m in Sources */,
				79C595DD1A3F5D2E00FFFEA2 /* main.m in Sources */,
				678669CF1A41DC3500D69EED /* NewPersonViewController.m in Sources */,
			);
			runOnlyForDeploymentPostprocessing = 0;
		};
		79C595EC1A3F5D3100FFFEA2 /* Sources */ = {
			isa = PBXSourcesBuildPhase;
			buildActionMask = 2147483647;
			files = (
				79C595F71A3F5D3100FFFEA2 /* ScheduleTreatmentTests.m in Sources */,
			);
			runOnlyForDeploymentPostprocessing = 0;
		};
/* End PBXSourcesBuildPhase section */

/* Begin PBXTargetDependency section */
		79C595F21A3F5D3100FFFEA2 /* PBXTargetDependency */ = {
			isa = PBXTargetDependency;
			target = 79C595D61A3F5D2E00FFFEA2 /* ScheduleTreatment */;
			targetProxy = 79C595F11A3F5D3100FFFEA2 /* PBXContainerItemProxy */;
		};
/* End PBXTargetDependency section */

/* Begin PBXVariantGroup section */
		79C595E41A3F5D2F00FFFEA2 /* Main.storyboard */ = {
			isa = PBXVariantGroup;
			children = (
				79C595E51A3F5D2F00FFFEA2 /* Base */,
			);
			name = Main.storyboard;
			sourceTree = "<group>";
		};
		79C595E91A3F5D2F00FFFEA2 /* LaunchScreen.xib */ = {
			isa = PBXVariantGroup;
			children = (
				79C595EA1A3F5D2F00FFFEA2 /* Base */,
			);
			name = LaunchScreen.xib;
			sourceTree = "<group>";
		};
/* End PBXVariantGroup section */

/* Begin XCBuildConfiguration section */
		79C595F81A3F5D3100FFFEA2 /* Debug */ = {
			isa = XCBuildConfiguration;
			buildSettings = {
				ALWAYS_SEARCH_USER_PATHS = NO;
				CLANG_CXX_LANGUAGE_STANDARD = "gnu++0x";
				CLANG_CXX_LIBRARY = "libc++";
				CLANG_ENABLE_MODULES = YES;
				CLANG_ENABLE_OBJC_ARC = YES;
				CLANG_WARN_BOOL_CONVERSION = YES;
				CLANG_WARN_CONSTANT_CONVERSION = YES;
				CLANG_WARN_DIRECT_OBJC_ISA_USAGE = YES_ERROR;
				CLANG_WARN_EMPTY_BODY = YES;
				CLANG_WARN_ENUM_CONVERSION = YES;
				CLANG_WARN_INT_CONVERSION = YES;
				CLANG_WARN_OBJC_ROOT_CLASS = YES_ERROR;
				CLANG_WARN_UNREACHABLE_CODE = YES;
				CLANG_WARN__DUPLICATE_METHOD_MATCH = YES;
				"CODE_SIGN_IDENTITY[sdk=iphoneos*]" = "iPhone Developer";
				COPY_PHASE_STRIP = NO;
				ENABLE_STRICT_OBJC_MSGSEND = YES;
				GCC_C_LANGUAGE_STANDARD = gnu99;
				GCC_DYNAMIC_NO_PIC = NO;
				GCC_OPTIMIZATION_LEVEL = 0;
				GCC_PREPROCESSOR_DEFINITIONS = (
					"DEBUG=1",
					"$(inherited)",
				);
				GCC_SYMBOLS_PRIVATE_EXTERN = NO;
				GCC_WARN_64_TO_32_BIT_CONVERSION = YES;
				GCC_WARN_ABOUT_RETURN_TYPE = YES_ERROR;
				GCC_WARN_UNDECLARED_SELECTOR = YES;
				GCC_WARN_UNINITIALIZED_AUTOS = YES_AGGRESSIVE;
				GCC_WARN_UNUSED_FUNCTION = YES;
				GCC_WARN_UNUSED_VARIABLE = YES;
				IPHONEOS_DEPLOYMENT_TARGET = 8.1;
				MTL_ENABLE_DEBUG_INFO = YES;
				ONLY_ACTIVE_ARCH = YES;
				SDKROOT = iphoneos;
				TARGETED_DEVICE_FAMILY = "1,2";
			};
			name = Debug;
		};
		79C595F91A3F5D3100FFFEA2 /* Release */ = {
			isa = XCBuildConfiguration;
			buildSettings = {
				ALWAYS_SEARCH_USER_PATHS = NO;
				CLANG_CXX_LANGUAGE_STANDARD = "gnu++0x";
				CLANG_CXX_LIBRARY = "libc++";
				CLANG_ENABLE_MODULES = YES;
				CLANG_ENABLE_OBJC_ARC = YES;
				CLANG_WARN_BOOL_CONVERSION = YES;
				CLANG_WARN_CONSTANT_CONVERSION = YES;
				CLANG_WARN_DIRECT_OBJC_ISA_USAGE = YES_ERROR;
				CLANG_WARN_EMPTY_BODY = YES;
				CLANG_WARN_ENUM_CONVERSION = YES;
				CLANG_WARN_INT_CONVERSION = YES;
				CLANG_WARN_OBJC_ROOT_CLASS = YES_ERROR;
				CLANG_WARN_UNREACHABLE_CODE = YES;
				CLANG_WARN__DUPLICATE_METHOD_MATCH = YES;
				"CODE_SIGN_IDENTITY[sdk=iphoneos*]" = "iPhone Developer";
				COPY_PHASE_STRIP = YES;
				ENABLE_NS_ASSERTIONS = NO;
				ENABLE_STRICT_OBJC_MSGSEND = YES;
				GCC_C_LANGUAGE_STANDARD = gnu99;
				GCC_WARN_64_TO_32_BIT_CONVERSION = YES;
				GCC_WARN_ABOUT_RETURN_TYPE = YES_ERROR;
				GCC_WARN_UNDECLARED_SELECTOR = YES;
				GCC_WARN_UNINITIALIZED_AUTOS = YES_AGGRESSIVE;
				GCC_WARN_UNUSED_FUNCTION = YES;
				GCC_WARN_UNUSED_VARIABLE = YES;
				IPHONEOS_DEPLOYMENT_TARGET = 8.1;
				MTL_ENABLE_DEBUG_INFO = NO;
				SDKROOT = iphoneos;
				TARGETED_DEVICE_FAMILY = "1,2";
				VALIDATE_PRODUCT = YES;
			};
			name = Release;
		};
		79C595FB1A3F5D3200FFFEA2 /* Debug */ = {
			isa = XCBuildConfiguration;
			buildSettings = {
				ASSETCATALOG_COMPILER_APPICON_NAME = AppIcon;
				FRAMEWORK_SEARCH_PATHS = (
					"$(inherited)",
					"$(PROJECT_DIR)/ScheduleTreatment/framework",
				);
				INFOPLIST_FILE = ScheduleTreatment/Info.plist;
				IPHONEOS_DEPLOYMENT_TARGET = 7.1;
				LD_RUNPATH_SEARCH_PATHS = "$(inherited) @executable_path/Frameworks";
				PRODUCT_NAME = "$(TARGET_NAME)";
			};
			name = Debug;
		};
		79C595FC1A3F5D3200FFFEA2 /* Release */ = {
			isa = XCBuildConfiguration;
			buildSettings = {
				ASSETCATALOG_COMPILER_APPICON_NAME = AppIcon;
				FRAMEWORK_SEARCH_PATHS = (
					"$(inherited)",
					"$(PROJECT_DIR)/ScheduleTreatment/framework",
				);
				INFOPLIST_FILE = ScheduleTreatment/Info.plist;
				IPHONEOS_DEPLOYMENT_TARGET = 7.1;
				LD_RUNPATH_SEARCH_PATHS = "$(inherited) @executable_path/Frameworks";
				PRODUCT_NAME = "$(TARGET_NAME)";
			};
			name = Release;
		};
		79C595FE1A3F5D3200FFFEA2 /* Debug */ = {
			isa = XCBuildConfiguration;
			buildSettings = {
				BUNDLE_LOADER = "$(TEST_HOST)";
				FRAMEWORK_SEARCH_PATHS = (
					"$(SDKROOT)/Developer/Library/Frameworks",
					"$(inherited)",
				);
				GCC_PREPROCESSOR_DEFINITIONS = (
					"DEBUG=1",
					"$(inherited)",
				);
				INFOPLIST_FILE = ScheduleTreatmentTests/Info.plist;
				LD_RUNPATH_SEARCH_PATHS = "$(inherited) @executable_path/Frameworks @loader_path/Frameworks";
				PRODUCT_NAME = "$(TARGET_NAME)";
				TEST_HOST = "$(BUILT_PRODUCTS_DIR)/ScheduleTreatment.app/ScheduleTreatment";
			};
			name = Debug;
		};
		79C595FF1A3F5D3200FFFEA2 /* Release */ = {
			isa = XCBuildConfiguration;
			buildSettings = {
				BUNDLE_LOADER = "$(TEST_HOST)";
				FRAMEWORK_SEARCH_PATHS = (
					"$(SDKROOT)/Developer/Library/Frameworks",
					"$(inherited)",
				);
				INFOPLIST_FILE = ScheduleTreatmentTests/Info.plist;
				LD_RUNPATH_SEARCH_PATHS = "$(inherited) @executable_path/Frameworks @loader_path/Frameworks";
				PRODUCT_NAME = "$(TARGET_NAME)";
				TEST_HOST = "$(BUILT_PRODUCTS_DIR)/ScheduleTreatment.app/ScheduleTreatment";
			};
			name = Release;
		};
/* End XCBuildConfiguration section */

/* Begin XCConfigurationList section */
		79C595D21A3F5D2E00FFFEA2 /* Build configuration list for PBXProject "ScheduleTreatment" */ = {
			isa = XCConfigurationList;
			buildConfigurations = (
				79C595F81A3F5D3100FFFEA2 /* Debug */,
				79C595F91A3F5D3100FFFEA2 /* Release */,
			);
			defaultConfigurationIsVisible = 0;
			defaultConfigurationName = Release;
		};
		79C595FA1A3F5D3200FFFEA2 /* Build configuration list for PBXNativeTarget "ScheduleTreatment" */ = {
			isa = XCConfigurationList;
			buildConfigurations = (
				79C595FB1A3F5D3200FFFEA2 /* Debug */,
				79C595FC1A3F5D3200FFFEA2 /* Release */,
			);
			defaultConfigurationIsVisible = 0;
			defaultConfigurationName = Release;
		};
		79C595FD1A3F5D3200FFFEA2 /* Build configuration list for PBXNativeTarget "ScheduleTreatmentTests" */ = {
			isa = XCConfigurationList;
			buildConfigurations = (
				79C595FE1A3F5D3200FFFEA2 /* Debug */,
				79C595FF1A3F5D3200FFFEA2 /* Release */,
			);
			defaultConfigurationIsVisible = 0;
			defaultConfigurationName = Release;
		};
/* End XCConfigurationList section */
	};
	rootObject = 79C595CF1A3F5D2E00FFFEA2 /* Project object */;
}
